
Microsoft Visual Studio Solution File, Format Version 12.00
# Visual Studio 15
VisualStudioVersion = 15.0.26730.16
MinimumVisualStudioVersion = 10.0.40219.1
Project("{FAE04EC0-301F-11D3-BF4B-00C04F79EFBC}") = "Ex1AnonymousDownsite", "Ex1AnonymousDownsite\Ex1AnonymousDownsite.csproj", "{D0DE82A0-1A5A-4AF5-822E-0D523D6AE35D}"
EndProject
Project("{FAE04EC0-301F-11D3-BF4B-00C04F79EFBC}") = "Ex2HornetWings", "Ex2HornetWings\Ex2HornetWings.csproj", "{5AE6D956-FA60-4C5B-BCC8-E3793F5496D6}"
EndProject
Project("{FAE04EC0-301F-11D3-BF4B-00C04F79EFBC}") = "Ex3PokeMon", "Ex3PokeMon\Ex3PokeMon.csproj", "{FAC051A8-7CDA-419A-BFEC-601D32ECFE5E}"
EndProject
Project("{FAE04EC0-301F-11D3-BF4B-00C04F79EFBC}") = "Ex4Resurrection", "Ex4Resurrection\Ex4Resurrection.csproj", "{64AB88ED-87E4-42EB-A2C5-6889D612F76E}"
EndProject
Project("{FAE04EC0-301F-11D3-BF4B-00C04F79EFBC}") = "Ex5Wormtest", "Ex5Wormtest\Ex5Wormtest.csproj", "{B916BAD0-0E93-4DE3-AF32-E7917ABC5477}"
EndProject
Global
	GlobalSection(SolutionConfigurationPlatforms) = preSolution
		Debug|Any CPU = Debug|Any CPU
		Release|Any CPU = Release|Any CPU
	EndGlobalSection
	GlobalSection(ProjectConfigurationPlatforms) = postSolution
		{D0DE82A0-1A5A-4AF5-822E-0D523D6AE35D}.Debug|Any CPU.ActiveCfg = Debug|Any CPU
		{D0DE82A0-1A5A-4AF5-822E-0D523D6AE35D}.Debug|Any CPU.Build.0 = Debug|Any CPU
		{D0DE82A0-1A5A-4AF5-822E-0D523D6AE35D}.Release|Any CPU.ActiveCfg = Release|Any CPU
		{D0DE82A0-1A5A-4AF5-822E-0D523D6AE35D}.Release|Any CPU.Build.0 = Release|Any CPU
		{5AE6D956-FA60-4C5B-BCC8-E3793F5496D6}.Debug|Any CPU.ActiveCfg = Debug|Any CPU
		{5AE6D956-FA60-4C5B-BCC8-E3793F5496D6}.Debug|Any CPU.Build.0 = Debug|Any CPU
		{5AE6D956-FA60-4C5B-BCC8-E3793F5496D6}.Release|Any CPU.ActiveCfg = Release|Any CPU
		{5AE6D956-FA60-4C5B-BCC8-E3793F5496D6}.Release|Any CPU.Build.0 = Release|Any CPU
		{FAC051A8-7CDA-419A-BFEC-601D32ECFE5E}.Debug|Any CPU.ActiveCfg = Debug|Any CPU
		{FAC051A8-7CDA-419A-BFEC-601D32ECFE5E}.Debug|Any CPU.Build.0 = Debug|Any CPU
		{FAC051A8-7CDA-419A-BFEC-601D32ECFE5E}.Release|Any CPU.ActiveCfg = Release|Any CPU
		{FAC051A8-7CDA-419A-BFEC-601D32ECFE5E}.Release|Any CPU.Build.0 = Release|Any CPU
		{64AB88ED-87E4-42EB-A2C5-6889D612F76E}.Debug|Any CPU.ActiveCfg = Debug|Any CPU
		{64AB88ED-87E4-42EB-A2C5-6889D612F76E}.Debug|Any CPU.Build.0 = Debug|Any CPU
		{64AB88ED-87E4-42EB-A2C5-6889D612F76E}.Release|Any CPU.ActiveCfg = Release|Any CPU
		{64AB88ED-87E4-42EB-A2C5-6889D612F76E}.Release|Any CPU.Build.0 = Release|Any CPU
		{B916BAD0-0E93-4DE3-AF32-E7917ABC5477}.Debug|Any CPU.ActiveCfg = Debug|Any CPU
		{B916BAD0-0E93-4DE3-AF32-E7917ABC5477}.Debug|Any CPU.Build.0 = Debug|Any CPU
		{B916BAD0-0E93-4DE3-AF32-E7917ABC5477}.Release|Any CPU.ActiveCfg = Release|Any CPU
		{B916BAD0-0E93-4DE3-AF32-E7917ABC5477}.Release|Any CPU.Build.0 = Release|Any CPU
	EndGlobalSection
	GlobalSection(SolutionProperties) = preSolution
		HideSolutionNode = FALSE
	EndGlobalSection
	GlobalSection(ExtensibilityGlobals) = postSolution
		SolutionGuid = {9C0A0725-B128-41B1-AB78-F48FBBFFE47F}
	EndGlobalSection
EndGlobal
